
Microsoft Visual Studio Solution File, Format Version 12.00
# Visual Studio Version 17
VisualStudioVersion = 17.0.31919.166
MinimumVisualStudioVersion = 10.0.40219.1
Project("{FAE04EC0-301F-11D3-BF4B-00C04F79EFBC}") = "SQLStructureDiff", "SQLStructureDiff\SQLStructureDiff.csproj", "{C8633C0F-021C-4F01-B689-0FD27E5CB54A}"
EndProject
Global
	GlobalSection(SolutionConfigurationPlatforms) = preSolution
		Debug|Any CPU = Debug|Any CPU
		Release|Any CPU = Release|Any CPU
	EndGlobalSection
	GlobalSection(ProjectConfigurationPlatforms) = postSolution
		{C8633C0F-021C-4F01-B689-0FD27E5CB54A}.Debug|Any CPU.ActiveCfg = Debug|Any CPU
		{C8633C0F-021C-4F01-B689-0FD27E5CB54A}.Debug|Any CPU.Build.0 = Debug|Any CPU
		{C8633C0F-021C-4F01-B689-0FD27E5CB54A}.Release|Any CPU.ActiveCfg = Release|Any CPU
		{C8633C0F-021C-4F01-B689-0FD27E5CB54A}.Release|Any CPU.Build.0 = Release|Any CPU
	EndGlobalSection
	GlobalSection(SolutionProperties) = preSolution
		HideSolutionNode = FALSE
	EndGlobalSection
	GlobalSection(ExtensibilityGlobals) = postSolution
		SolutionGuid = {E2E1A22B-48D3-4B38-A3B4-F2AF77EC3C09}
	EndGlobalSection
EndGlobal
